// !$*UTF8*$!
{
	archiveVersion = 1;
	classes = {
	};
	objectVersion = 46;
	objects = {

/* Begin PBXBuildFile section */
		9E34BD781A4A731400DE94CA /* main.m in Sources */ = {isa = PBXBuildFile; fileRef = 9E34BD771A4A731400DE94CA /* main.m */; };
		9E34BD7B1A4A731400DE94CA /* AppDelegate.m in Sources */ = {isa = PBXBuildFile; fileRef = 9E34BD7A1A4A731400DE94CA /* AppDelegate.m */; };
		9E34BD7E1A4A731400DE94CA /* ViewController.m in Sources */ = {isa = PBXBuildFile; fileRef = 9E34BD7D1A4A731400DE94CA /* ViewController.m */; };
		9E34BD811A4A731400DE94CA /* Main.storyboard in Resources */ = {isa = PBXBuildFile; fileRef = 9E34BD7F1A4A731400DE94CA /* Main.storyboard */; };
		9E34BD831A4A731400DE94CA /* Images.xcassets in Resources */ = {isa = PBXBuildFile; fileRef = 9E34BD821A4A731400DE94CA /* Images.xcassets */; };
		9E34BD861A4A731400DE94CA /* LaunchScreen.xib in Resources */ = {isa = PBXBuildFile; fileRef = 9E34BD841A4A731400DE94CA /* LaunchScreen.xib */; };
		9E34BD921A4A731400DE94CA /* WordsLettersTests.m in Sources */ = {isa = PBXBuildFile; fileRef = 9E34BD911A4A731400DE94CA /* WordsLettersTests.m */; };
		9E34BD9E1A4A74AD00DE94CA /* Counter.m in Sources */ = {isa = PBXBuildFile; fileRef = 9E34BD9D1A4A74AD00DE94CA /* Counter.m */; };
/* End PBXBuildFile section */

/* Begin PBXContainerItemProxy section */
		9E34BD8C1A4A731400DE94CA /* PBXContainerItemProxy */ = {
			isa = PBXContainerItemProxy;
			containerPortal = 9E34BD6A1A4A731400DE94CA /* Project object */;
			proxyType = 1;
			remoteGlobalIDString = 9E34BD711A4A731400DE94CA;
			remoteInfo = WordsLetters;
		};
/* End PBXContainerItemProxy section */

/* Begin PBXFileReference section */
		9E34BD721A4A731400DE94CA /* WordsLetters.app */ = {isa = PBXFileReference; explicitFileType = wrapper.application; includeInIndex = 0; path = WordsLetters.app; sourceTree = BUILT_PRODUCTS_DIR; };
		9E34BD761A4A731400DE94CA /* Info.plist */ = {isa = PBXFileReference; lastKnownFileType = text.plist.xml; path = Info.plist; sourceTree = "<group>"; };
		9E34BD771A4A731400DE94CA /* main.m */ = {isa = PBXFileReference; lastKnownFileType = sourcecode.c.objc; path = main.m; sourceTree = "<group>"; };
		9E34BD791A4A731400DE94CA /* AppDelegate.h */ = {isa = PBXFileReference; lastKnownFileType = sourcecode.c.h; path = AppDelegate.h; sourceTree = "<group>"; };
		9E34BD7A1A4A731400DE94CA /* AppDelegate.m */ = {isa = PBXFileReference; lastKnownFileType = sourcecode.c.objc; path = AppDelegate.m; sourceTree = "<group>"; };
		9E34BD7C1A4A731400DE94CA /* ViewController.h */ = {isa = PBXFileReference; lastKnownFileType = sourcecode.c.h; path = ViewController.h; sourceTree = "<group>"; };
		9E34BD7D1A4A731400DE94CA /* ViewController.m */ = {isa = PBXFileReference; lastKnownFileType = sourcecode.c.objc; path = ViewController.m; sourceTree = "<group>"; };
		9E34BD801A4A731400DE94CA /* Base */ = {isa = PBXFileReference; lastKnownFileType = file.storyboard; name = Base; path = Base.lproj/Main.storyboard; sourceTree = "<group>"; };
		9E34BD821A4A731400DE94CA /* Images.xcassets */ = {isa = PBXFileReference; lastKnownFileType = folder.assetcatalog; path = Images.xcassets; sourceTree = "<group>"; };
		9E34BD851A4A731400DE94CA /* Base */ = {isa = PBXFileReference; lastKnownFileType = file.xib; name = Base; path = Base.lproj/LaunchScreen.xib; sourceTree = "<group>"; };
		9E34BD8B1A4A731400DE94CA /* WordsLettersTests.xctest */ = {isa = PBXFileReference; explicitFileType = wrapper.cfbundle; includeInIndex = 0; path = WordsLettersTests.xctest; sourceTree = BUILT_PRODUCTS_DIR; };
		9E34BD901A4A731400DE94CA /* Info.plist */ = {isa = PBXFileReference; lastKnownFileType = text.plist.xml; path = Info.plist; sourceTree = "<group>"; };
		9E34BD911A4A731400DE94CA /* WordsLettersTests.m */ = {isa = PBXFileReference; lastKnownFileType = sourcecode.c.objc; path = WordsLettersTests.m; sourceTree = "<group>"; };
		9E34BD9C1A4A74AD00DE94CA /* Counter.h */ = {isa = PBXFileReference; fileEncoding = 4; lastKnownFileType = sourcecode.c.h; path = Counter.h; sourceTree = "<group>"; };
		9E34BD9D1A4A74AD00DE94CA /* Counter.m */ = {isa = PBXFileReference; fileEncoding = 4; lastKnownFileType = sourcecode.c.objc; path = Counter.m; sourceTree = "<group>"; };
/* End PBXFileReference section */

/* Begin PBXFrameworksBuildPhase section */
		9E34BD6F1A4A731400DE94CA /* Frameworks */ = {
			isa = PBXFrameworksBuildPhase;
			buildActionMask = 2147483647;
			files = (
			);
			runOnlyForDeploymentPostprocessing = 0;
		};
		9E34BD881A4A731400DE94CA /* Frameworks */ = {
			isa = PBXFrameworksBuildPhase;
			buildActionMask = 2147483647;
			files = (
			);
			runOnlyForDeploymentPostprocessing = 0;
		};
/* End PBXFrameworksBuildPhase section */

/* Begin PBXGroup section */
		9E34BD691A4A731400DE94CA = {
			isa = PBXGroup;
			children = (
				9E34BD741A4A731400DE94CA /* WordsLetters */,
				9E34BD8E1A4A731400DE94CA /* WordsLettersTests */,
				9E34BD731A4A731400DE94CA /* Products */,
			);
			sourceTree = "<group>";
		};
		9E34BD731A4A731400DE94CA /* Products */ = {
			isa = PBXGroup;
			children = (
				9E34BD721A4A731400DE94CA /* WordsLetters.app */,
				9E34BD8B1A4A731400DE94CA /* WordsLettersTests.xctest */,
			);
			name = Products;
			sourceTree = "<group>";
		};
		9E34BD741A4A731400DE94CA /* WordsLetters */ = {
			isa = PBXGroup;
			children = (
				9E34BD791A4A731400DE94CA /* AppDelegate.h */,
				9E34BD7A1A4A731400DE94CA /* AppDelegate.m */,
				9E34BD7C1A4A731400DE94CA /* ViewController.h */,
				9E34BD7D1A4A731400DE94CA /* ViewController.m */,
				9E34BD7F1A4A731400DE94CA /* Main.storyboard */,
				9E34BD821A4A731400DE94CA /* Images.xcassets */,
				9E34BD841A4A731400DE94CA /* LaunchScreen.xib */,
				9E34BD751A4A731400DE94CA /* Supporting Files */,
			);
			path = WordsLetters;
			sourceTree = "<group>";
		};
		9E34BD751A4A731400DE94CA /* Supporting Files */ = {
			isa = PBXGroup;
			children = (
				9E34BD9B1A4A74AD00DE94CA /* Classes */,
				9E34BD761A4A731400DE94CA /* Info.plist */,
				9E34BD771A4A731400DE94CA /* main.m */,
			);
			name = "Supporting Files";
			sourceTree = "<group>";
		};
		9E34BD8E1A4A731400DE94CA /* WordsLettersTests */ = {
			isa = PBXGroup;
			children = (
				9E34BD911A4A731400DE94CA /* WordsLettersTests.m */,
				9E34BD8F1A4A731400DE94CA /* Supporting Files */,
			);
			path = WordsLettersTests;
			sourceTree = "<group>";
		};
		9E34BD8F1A4A731400DE94CA /* Supporting Files */ = {
			isa = PBXGroup;
			children = (
				9E34BD901A4A731400DE94CA /* Info.plist */,
			);
			name = "Supporting Files";
			sourceTree = "<group>";
		};
		9E34BD9B1A4A74AD00DE94CA /* Classes */ = {
			isa = PBXGroup;
			children = (
				9E34BD9C1A4A74AD00DE94CA /* Counter.h */,
				9E34BD9D1A4A74AD00DE94CA /* Counter.m */,
			);
			path = Classes;
			sourceTree = "<group>";
		};
/* End PBXGroup section */

/* Begin PBXNativeTarget section */
		9E34BD711A4A731400DE94CA /* WordsLetters */ = {
			isa = PBXNativeTarget;
			buildConfigurationList = 9E34BD951A4A731400DE94CA /* Build configuration list for PBXNativeTarget "WordsLetters" */;
			buildPhases = (
				9E34BD6E1A4A731400DE94CA /* Sources */,
				9E34BD6F1A4A731400DE94CA /* Frameworks */,
				9E34BD701A4A731400DE94CA /* Resources */,
			);
			buildRules = (
			);
			dependencies = (
			);
			name = WordsLetters;
			productName = WordsLetters;
			productReference = 9E34BD721A4A731400DE94CA /* WordsLetters.app */;
			productType = "com.apple.product-type.application";
		};
		9E34BD8A1A4A731400DE94CA /* WordsLettersTests */ = {
			isa = PBXNativeTarget;
			buildConfigurationList = 9E34BD981A4A731400DE94CA /* Build configuration list for PBXNativeTarget "WordsLettersTests" */;
			buildPhases = (
				9E34BD871A4A731400DE94CA /* Sources */,
				9E34BD881A4A731400DE94CA /* Frameworks */,
				9E34BD891A4A731400DE94CA /* Resources */,
			);
			buildRules = (
			);
			dependencies = (
				9E34BD8D1A4A731400DE94CA /* PBXTargetDependency */,
			);
			name = WordsLettersTests;
			productName = WordsLettersTests;
			productReference = 9E34BD8B1A4A731400DE94CA /* WordsLettersTests.xctest */;
			productType = "com.apple.product-type.bundle.unit-test";
		};
/* End PBXNativeTarget section */

/* Begin PBXProject section */
		9E34BD6A1A4A731400DE94CA /* Project object */ = {
			isa = PBXProject;
			attributes = {
				LastUpgradeCheck = 0610;
				ORGANIZATIONNAME = "Sebastián Gómez";
				TargetAttributes = {
					9E34BD711A4A731400DE94CA = {
						CreatedOnToolsVersion = 6.1.1;
					};
					9E34BD8A1A4A731400DE94CA = {
						CreatedOnToolsVersion = 6.1.1;
						TestTargetID = 9E34BD711A4A731400DE94CA;
					};
				};
			};
			buildConfigurationList = 9E34BD6D1A4A731400DE94CA /* Build configuration list for PBXProject "WordsLetters" */;
			compatibilityVersion = "Xcode 3.2";
			developmentRegion = English;
			hasScannedForEncodings = 0;
			knownRegions = (
				en,
				Base,
			);
			mainGroup = 9E34BD691A4A731400DE94CA;
			productRefGroup = 9E34BD731A4A731400DE94CA /* Products */;
			projectDirPath = "";
			projectRoot = "";
			targets = (
				9E34BD711A4A731400DE94CA /* WordsLetters */,
				9E34BD8A1A4A731400DE94CA /* WordsLettersTests */,
			);
		};
/* End PBXProject section */

/* Begin PBXResourcesBuildPhase section */
		9E34BD701A4A731400DE94CA /* Resources */ = {
			isa = PBXResourcesBuildPhase;
			buildActionMask = 2147483647;
			files = (
				9E34BD811A4A731400DE94CA /* Main.storyboard in Resources */,
				9E34BD861A4A731400DE94CA /* LaunchScreen.xib in Resources */,
				9E34BD831A4A731400DE94CA /* Images.xcassets in Resources */,
			);
			runOnlyForDeploymentPostprocessing = 0;
		};
		9E34BD891A4A731400DE94CA /* Resources */ = {
			isa = PBXResourcesBuildPhase;
			buildActionMask = 2147483647;
			files = (
			);
			runOnlyForDeploymentPostprocessing = 0;
		};
/* End PBXResourcesBuildPhase section */

/* Begin PBXSourcesBuildPhase section */
		9E34BD6E1A4A731400DE94CA /* Sources */ = {
			isa = PBXSourcesBuildPhase;
			buildActionMask = 2147483647;
			files = (
				9E34BD9E1A4A74AD00DE94CA /* Counter.m in Sources */,
				9E34BD7E1A4A731400DE94CA /* ViewController.m in Sources */,
				9E34BD7B1A4A731400DE94CA /* AppDelegate.m in Sources */,
				9E34BD781A4A731400DE94CA /* main.m in Sources */,
			);
			runOnlyForDeploymentPostprocessing = 0;
		};
		9E34BD871A4A731400DE94CA /* Sources */ = {
			isa = PBXSourcesBuildPhase;
			buildActionMask = 2147483647;
			files = (
				9E34BD921A4A731400DE94CA /* WordsLettersTests.m in Sources */,
			);
			runOnlyForDeploymentPostprocessing = 0;
		};
/* End PBXSourcesBuildPhase section */

/* Begin PBXTargetDependency section */
		9E34BD8D1A4A731400DE94CA /* PBXTargetDependency */ = {
			isa = PBXTargetDependency;
			target = 9E34BD711A4A731400DE94CA /* WordsLetters */;
			targetProxy = 9E34BD8C1A4A731400DE94CA /* PBXContainerItemProxy */;
		};
/* End PBXTargetDependency section */

/* Begin PBXVariantGroup section */
		9E34BD7F1A4A731400DE94CA /* Main.storyboard */ = {
			isa = PBXVariantGroup;
			children = (
				9E34BD801A4A731400DE94CA /* Base */,
			);
			name = Main.storyboard;
			sourceTree = "<group>";
		};
		9E34BD841A4A731400DE94CA /* LaunchScreen.xib */ = {
			isa = PBXVariantGroup;
			children = (
				9E34BD851A4A731400DE94CA /* Base */,
			);
			name = LaunchScreen.xib;
			sourceTree = "<group>";
		};
/* End PBXVariantGroup section */

/* Begin XCBuildConfiguration section */
		9E34BD931A4A731400DE94CA /* Debug */ = {
			isa = XCBuildConfiguration;
			buildSettings = {
				ALWAYS_SEARCH_USER_PATHS = NO;
				CLANG_CXX_LANGUAGE_STANDARD = "gnu++0x";
				CLANG_CXX_LIBRARY = "libc++";
				CLANG_ENABLE_MODULES = YES;
				CLANG_ENABLE_OBJC_ARC = YES;
				CLANG_WARN_BOOL_CONVERSION = YES;
				CLANG_WARN_CONSTANT_CONVERSION = YES;
				CLANG_WARN_DIRECT_OBJC_ISA_USAGE = YES_ERROR;
				CLANG_WARN_EMPTY_BODY = YES;
				CLANG_WARN_ENUM_CONVERSION = YES;
				CLANG_WARN_INT_CONVERSION = YES;
				CLANG_WARN_OBJC_ROOT_CLASS = YES_ERROR;
				CLANG_WARN_UNREACHABLE_CODE = YES;
				CLANG_WARN__DUPLICATE_METHOD_MATCH = YES;
				"CODE_SIGN_IDENTITY[sdk=iphoneos*]" = "iPhone Developer";
				COPY_PHASE_STRIP = NO;
				ENABLE_STRICT_OBJC_MSGSEND = YES;
				GCC_C_LANGUAGE_STANDARD = gnu99;
				GCC_DYNAMIC_NO_PIC = NO;
				GCC_OPTIMIZATION_LEVEL = 0;
				GCC_PREPROCESSOR_DEFINITIONS = (
					"DEBUG=1",
					"$(inherited)",
				);
				GCC_SYMBOLS_PRIVATE_EXTERN = NO;
				GCC_WARN_64_TO_32_BIT_CONVERSION = YES;
				GCC_WARN_ABOUT_RETURN_TYPE = YES_ERROR;
				GCC_WARN_UNDECLARED_SELECTOR = YES;
				GCC_WARN_UNINITIALIZED_AUTOS = YES_AGGRESSIVE;
				GCC_WARN_UNUSED_FUNCTION = YES;
				GCC_WARN_UNUSED_VARIABLE = YES;
				IPHONEOS_DEPLOYMENT_TARGET = 8.1;
				MTL_ENABLE_DEBUG_INFO = YES;
				ONLY_ACTIVE_ARCH = YES;
				SDKROOT = iphoneos;
				TARGETED_DEVICE_FAMILY = "1,2";
			};
			name = Debug;
		};
		9E34BD941A4A731400DE94CA /* Release */ = {
			isa = XCBuildConfiguration;
			buildSettings = {
				ALWAYS_SEARCH_USER_PATHS = NO;
				CLANG_CXX_LANGUAGE_STANDARD = "gnu++0x";
				CLANG_CXX_LIBRARY = "libc++";
				CLANG_ENABLE_MODULES = YES;
				CLANG_ENABLE_OBJC_ARC = YES;
				CLANG_WARN_BOOL_CONVERSION = YES;
				CLANG_WARN_CONSTANT_CONVERSION = YES;
				CLANG_WARN_DIRECT_OBJC_ISA_USAGE = YES_ERROR;
				CLANG_WARN_EMPTY_BODY = YES;
				CLANG_WARN_ENUM_CONVERSION = YES;
				CLANG_WARN_INT_CONVERSION = YES;
				CLANG_WARN_OBJC_ROOT_CLASS = YES_ERROR;
				CLANG_WARN_UNREACHABLE_CODE = YES;
				CLANG_WARN__DUPLICATE_METHOD_MATCH = YES;
				"CODE_SIGN_IDENTITY[sdk=iphoneos*]" = "iPhone Developer";
				COPY_PHASE_STRIP = YES;
				ENABLE_NS_ASSERTIONS = NO;
				ENABLE_STRICT_OBJC_MSGSEND = YES;
				GCC_C_LANGUAGE_STANDARD = gnu99;
				GCC_WARN_64_TO_32_BIT_CONVERSION = YES;
				GCC_WARN_ABOUT_RETURN_TYPE = YES_ERROR;
				GCC_WARN_UNDECLARED_SELECTOR = YES;
				GCC_WARN_UNINITIALIZED_AUTOS = YES_AGGRESSIVE;
				GCC_WARN_UNUSED_FUNCTION = YES;
				GCC_WARN_UNUSED_VARIABLE = YES;
				IPHONEOS_DEPLOYMENT_TARGET = 8.1;
				MTL_ENABLE_DEBUG_INFO = NO;
				SDKROOT = iphoneos;
				TARGETED_DEVICE_FAMILY = "1,2";
				VALIDATE_PRODUCT = YES;
			};
			name = Release;
		};
		9E34BD961A4A731400DE94CA /* Debug */ = {
			isa = XCBuildConfiguration;
			buildSettings = {
				ASSETCATALOG_COMPILER_APPICON_NAME = AppIcon;
				INFOPLIST_FILE = WordsLetters/Info.plist;
				LD_RUNPATH_SEARCH_PATHS = "$(inherited) @executable_path/Frameworks";
				PRODUCT_NAME = "$(TARGET_NAME)";
			};
			name = Debug;
		};
		9E34BD971A4A731400DE94CA /* Release */ = {
			isa = XCBuildConfiguration;
			buildSettings = {
				ASSETCATALOG_COMPILER_APPICON_NAME = AppIcon;
				INFOPLIST_FILE = WordsLetters/Info.plist;
				LD_RUNPATH_SEARCH_PATHS = "$(inherited) @executable_path/Frameworks";
				PRODUCT_NAME = "$(TARGET_NAME)";
			};
			name = Release;
		};
		9E34BD991A4A731400DE94CA /* Debug */ = {
			isa = XCBuildConfiguration;
			buildSettings = {
				BUNDLE_LOADER = "$(TEST_HOST)";
				FRAMEWORK_SEARCH_PATHS = (
					"$(SDKROOT)/Developer/Library/Frameworks",
					"$(inherited)",
				);
				GCC_PREPROCESSOR_DEFINITIONS = (
					"DEBUG=1",
					"$(inherited)",
				);
				INFOPLIST_FILE = WordsLettersTests/Info.plist;
				LD_RUNPATH_SEARCH_PATHS = "$(inherited) @executable_path/Frameworks @loader_path/Frameworks";
				PRODUCT_NAME = "$(TARGET_NAME)";
				TEST_HOST = "$(BUILT_PRODUCTS_DIR)/WordsLetters.app/WordsLetters";
			};
			name = Debug;
		};
		9E34BD9A1A4A731400DE94CA /* Release */ = {
			isa = XCBuildConfiguration;
			buildSettings = {
				BUNDLE_LOADER = "$(TEST_HOST)";
				FRAMEWORK_SEARCH_PATHS = (
					"$(SDKROOT)/Developer/Library/Frameworks",
					"$(inherited)",
				);
				INFOPLIST_FILE = WordsLettersTests/Info.plist;
				LD_RUNPATH_SEARCH_PATHS = "$(inherited) @executable_path/Frameworks @loader_path/Frameworks";
				PRODUCT_NAME = "$(TARGET_NAME)";
				TEST_HOST = "$(BUILT_PRODUCTS_DIR)/WordsLetters.app/WordsLetters";
			};
			name = Release;
		};
/* End XCBuildConfiguration section */

/* Begin XCConfigurationList section */
		9E34BD6D1A4A731400DE94CA /* Build configuration list for PBXProject "WordsLetters" */ = {
			isa = XCConfigurationList;
			buildConfigurations = (
				9E34BD931A4A731400DE94CA /* Debug */,
				9E34BD941A4A731400DE94CA /* Release */,
			);
			defaultConfigurationIsVisible = 0;
			defaultConfigurationName = Release;
		};
		9E34BD951A4A731400DE94CA /* Build configuration list for PBXNativeTarget "WordsLetters" */ = {
			isa = XCConfigurationList;
			buildConfigurations = (
				9E34BD961A4A731400DE94CA /* Debug */,
				9E34BD971A4A731400DE94CA /* Release */,
			);
			defaultConfigurationIsVisible = 0;
			defaultConfigurationName = Release;
		};
		9E34BD981A4A731400DE94CA /* Build configuration list for PBXNativeTarget "WordsLettersTests" */ = {
			isa = XCConfigurationList;
			buildConfigurations = (
				9E34BD991A4A731400DE94CA /* Debug */,
				9E34BD9A1A4A731400DE94CA /* Release */,
			);
			defaultConfigurationIsVisible = 0;
			defaultConfigurationName = Release;
		};
/* End XCConfigurationList section */
	};
	rootObject = 9E34BD6A1A4A731400DE94CA /* Project object */;
}
